
Microsoft Visual Studio Solution File, Format Version 12.00
# Visual Studio 15
VisualStudioVersion = 15.0.27130.2010
MinimumVisualStudioVersion = 10.0.40219.1
Project("{FAE04EC0-301F-11D3-BF4B-00C04F79EFBC}") = "FileCorruptor", "FileCorruptor\FileCorruptor.csproj", "{A1B75FA1-F1D8-4BFF-937A-3A81D82B825E}"
EndProject
Global
	GlobalSection(SolutionConfigurationPlatforms) = preSolution
		Debug|Any CPU = Debug|Any CPU
		Release|Any CPU = Release|Any CPU
	EndGlobalSection
	GlobalSection(ProjectConfigurationPlatforms) = postSolution
		{A1B75FA1-F1D8-4BFF-937A-3A81D82B825E}.Debug|Any CPU.ActiveCfg = Debug|Any CPU
		{A1B75FA1-F1D8-4BFF-937A-3A81D82B825E}.Debug|Any CPU.Build.0 = Debug|Any CPU
		{A1B75FA1-F1D8-4BFF-937A-3A81D82B825E}.Release|Any CPU.ActiveCfg = Release|Any CPU
		{A1B75FA1-F1D8-4BFF-937A-3A81D82B825E}.Release|Any CPU.Build.0 = Release|Any CPU
	EndGlobalSection
	GlobalSection(SolutionProperties) = preSolution
		HideSolutionNode = FALSE
	EndGlobalSection
	GlobalSection(ExtensibilityGlobals) = postSolution
		SolutionGuid = {55FA76FE-279B-467E-814B-679DE78B207F}
	EndGlobalSection
EndGlobal
